
Microsoft Visual Studio Solution File, Format Version 12.00
# Visual Studio 15
VisualStudioVersion = 15.0.26430.6
MinimumVisualStudioVersion = 10.0.40219.1
Project("{FAE04EC0-301F-11D3-BF4B-00C04F79EFBC}") = "Core.Domain", "Core.Domain\Core.Domain.csproj", "{C588C044-2896-42A9-B90B-B9340A742165}"
EndProject
Project("{2150E333-8FDC-42A3-9474-1A3956D46DE8}") = "1- Core", "1- Core", "{5323277F-009F-48BB-AE23-4013FA66DA28}"
EndProject
Project("{2150E333-8FDC-42A3-9474-1A3956D46DE8}") = "2-Services", "2-Services", "{EE8D46F8-676C-427E-917A-725708947DDF}"
EndProject
Project("{2150E333-8FDC-42A3-9474-1A3956D46DE8}") = "Test", "Test", "{F7E7B8FA-0B9F-4EC0-9C78-27A34193679C}"
EndProject
Project("{2150E333-8FDC-42A3-9474-1A3956D46DE8}") = "Test", "Test", "{CEF39256-D0CF-4A9A-BD5B-5D5CF325DCD3}"
EndProject
Project("{2150E333-8FDC-42A3-9474-1A3956D46DE8}") = "3-Infrastructure", "3-Infrastructure", "{ADC36788-31C8-410B-95FD-76229DFE7026}"
EndProject
Project("{2150E333-8FDC-42A3-9474-1A3956D46DE8}") = "Test", "Test", "{D0B7B882-9257-41DC-8A9A-86CF0E338734}"
EndProject
Project("{FAE04EC0-301F-11D3-BF4B-00C04F79EFBC}") = "Domain.Services", "Domain.Services\Domain.Services.csproj", "{31F0330D-2BFF-490C-9464-4F9DBD074AF8}"
EndProject
Project("{2150E333-8FDC-42A3-9474-1A3956D46DE8}") = "4-Presentation", "4-Presentation", "{B24C786E-CDB6-4C74-9041-2025316B47FF}"
EndProject
Project("{2150E333-8FDC-42A3-9474-1A3956D46DE8}") = "Test", "Test", "{846A2C1D-FF39-44A4-B2ED-9BA90C4D2A28}"
EndProject
Project("{FAE04EC0-301F-11D3-BF4B-00C04F79EFBC}") = "Database.Services", "Database\Database.Services.csproj", "{2426A424-0424-4DA4-9B8C-DE742369E543}"
EndProject
Project("{FAE04EC0-301F-11D3-BF4B-00C04F79EFBC}") = "Translation.Services", "Translation.Services\Translation.Services.csproj", "{87375262-1BCC-4CC5-AD40-FD81579EB76F}"
EndProject
Project("{FAE04EC0-301F-11D3-BF4B-00C04F79EFBC}") = "Test.Translation.Services", "Test.Translation.Services\Test.Translation.Services.csproj", "{9026E442-D9A9-4B76-B7D6-69D8FD59FD9C}"
EndProject
Global
	GlobalSection(SolutionConfigurationPlatforms) = preSolution
		Debug|Any CPU = Debug|Any CPU
		Release|Any CPU = Release|Any CPU
	EndGlobalSection
	GlobalSection(ProjectConfigurationPlatforms) = postSolution
		{C588C044-2896-42A9-B90B-B9340A742165}.Debug|Any CPU.ActiveCfg = Debug|Any CPU
		{C588C044-2896-42A9-B90B-B9340A742165}.Debug|Any CPU.Build.0 = Debug|Any CPU
		{C588C044-2896-42A9-B90B-B9340A742165}.Release|Any CPU.ActiveCfg = Release|Any CPU
		{C588C044-2896-42A9-B90B-B9340A742165}.Release|Any CPU.Build.0 = Release|Any CPU
		{31F0330D-2BFF-490C-9464-4F9DBD074AF8}.Debug|Any CPU.ActiveCfg = Debug|Any CPU
		{31F0330D-2BFF-490C-9464-4F9DBD074AF8}.Debug|Any CPU.Build.0 = Debug|Any CPU
		{31F0330D-2BFF-490C-9464-4F9DBD074AF8}.Release|Any CPU.ActiveCfg = Release|Any CPU
		{31F0330D-2BFF-490C-9464-4F9DBD074AF8}.Release|Any CPU.Build.0 = Release|Any CPU
		{2426A424-0424-4DA4-9B8C-DE742369E543}.Debug|Any CPU.ActiveCfg = Debug|Any CPU
		{2426A424-0424-4DA4-9B8C-DE742369E543}.Debug|Any CPU.Build.0 = Debug|Any CPU
		{2426A424-0424-4DA4-9B8C-DE742369E543}.Release|Any CPU.ActiveCfg = Release|Any CPU
		{2426A424-0424-4DA4-9B8C-DE742369E543}.Release|Any CPU.Build.0 = Release|Any CPU
		{87375262-1BCC-4CC5-AD40-FD81579EB76F}.Debug|Any CPU.ActiveCfg = Debug|Any CPU
		{87375262-1BCC-4CC5-AD40-FD81579EB76F}.Debug|Any CPU.Build.0 = Debug|Any CPU
		{87375262-1BCC-4CC5-AD40-FD81579EB76F}.Release|Any CPU.ActiveCfg = Release|Any CPU
		{87375262-1BCC-4CC5-AD40-FD81579EB76F}.Release|Any CPU.Build.0 = Release|Any CPU
		{9026E442-D9A9-4B76-B7D6-69D8FD59FD9C}.Debug|Any CPU.ActiveCfg = Debug|Any CPU
		{9026E442-D9A9-4B76-B7D6-69D8FD59FD9C}.Debug|Any CPU.Build.0 = Debug|Any CPU
		{9026E442-D9A9-4B76-B7D6-69D8FD59FD9C}.Release|Any CPU.ActiveCfg = Release|Any CPU
		{9026E442-D9A9-4B76-B7D6-69D8FD59FD9C}.Release|Any CPU.Build.0 = Release|Any CPU
	EndGlobalSection
	GlobalSection(SolutionProperties) = preSolution
		HideSolutionNode = FALSE
	EndGlobalSection
	GlobalSection(NestedProjects) = preSolution
		{C588C044-2896-42A9-B90B-B9340A742165} = {5323277F-009F-48BB-AE23-4013FA66DA28}
		{F7E7B8FA-0B9F-4EC0-9C78-27A34193679C} = {5323277F-009F-48BB-AE23-4013FA66DA28}
		{CEF39256-D0CF-4A9A-BD5B-5D5CF325DCD3} = {EE8D46F8-676C-427E-917A-725708947DDF}
		{D0B7B882-9257-41DC-8A9A-86CF0E338734} = {ADC36788-31C8-410B-95FD-76229DFE7026}
		{31F0330D-2BFF-490C-9464-4F9DBD074AF8} = {EE8D46F8-676C-427E-917A-725708947DDF}
		{846A2C1D-FF39-44A4-B2ED-9BA90C4D2A28} = {B24C786E-CDB6-4C74-9041-2025316B47FF}
		{2426A424-0424-4DA4-9B8C-DE742369E543} = {ADC36788-31C8-410B-95FD-76229DFE7026}
		{87375262-1BCC-4CC5-AD40-FD81579EB76F} = {ADC36788-31C8-410B-95FD-76229DFE7026}
		{9026E442-D9A9-4B76-B7D6-69D8FD59FD9C} = {D0B7B882-9257-41DC-8A9A-86CF0E338734}
	EndGlobalSection
EndGlobal
