
Microsoft Visual Studio Solution File, Format Version 12.00
# Visual Studio 15
VisualStudioVersion = 15.0.26430.15
MinimumVisualStudioVersion = 10.0.40219.1
Project("{FAE04EC0-301F-11D3-BF4B-00C04F79EFBC}") = "Core.Domain", "Core.Domain\Core.Domain.csproj", "{C588C044-2896-42A9-B90B-B9340A742165}"
EndProject
Project("{2150E333-8FDC-42A3-9474-1A3956D46DE8}") = "1- Core", "1- Core", "{5323277F-009F-48BB-AE23-4013FA66DA28}"
EndProject
Project("{2150E333-8FDC-42A3-9474-1A3956D46DE8}") = "Test", "Test", "{F7E7B8FA-0B9F-4EC0-9C78-27A34193679C}"
EndProject
Project("{2150E333-8FDC-42A3-9474-1A3956D46DE8}") = "2 - Services", "2 - Services", "{ADC36788-31C8-410B-95FD-76229DFE7026}"
EndProject
Project("{2150E333-8FDC-42A3-9474-1A3956D46DE8}") = "Test", "Test", "{D0B7B882-9257-41DC-8A9A-86CF0E338734}"
EndProject
Project("{2150E333-8FDC-42A3-9474-1A3956D46DE8}") = "3 - Presentation", "3 - Presentation", "{B24C786E-CDB6-4C74-9041-2025316B47FF}"
EndProject
Project("{2150E333-8FDC-42A3-9474-1A3956D46DE8}") = "Test", "Test", "{846A2C1D-FF39-44A4-B2ED-9BA90C4D2A28}"
EndProject
Project("{FAE04EC0-301F-11D3-BF4B-00C04F79EFBC}") = "Services.Database", "Services.Database\Services.Database.csproj", "{2426A424-0424-4DA4-9B8C-DE742369E543}"
EndProject
Project("{FAE04EC0-301F-11D3-BF4B-00C04F79EFBC}") = "Services.Translation", "Services.Translation\Services.Translation.csproj", "{87375262-1BCC-4CC5-AD40-FD81579EB76F}"
EndProject
Project("{FAE04EC0-301F-11D3-BF4B-00C04F79EFBC}") = "Services.Translation.Test", "Services.Translation.Test\Services.Translation.Test.csproj", "{9026E442-D9A9-4B76-B7D6-69D8FD59FD9C}"
EndProject
Project("{FAE04EC0-301F-11D3-BF4B-00C04F79EFBC}") = "Loonie", "Loonie\Loonie.csproj", "{E7A6BCD7-BE7F-406F-81FB-2A354F4E6E62}"
EndProject
Project("{FAE04EC0-301F-11D3-BF4B-00C04F79EFBC}") = "Loonie.Test", "Loonie.Test\Loonie.Test.csproj", "{A7B1ECE5-5C5A-4ADE-BC5C-73CCC4F741FA}"
EndProject
Project("{FAE04EC0-301F-11D3-BF4B-00C04F79EFBC}") = "Services.Common.Test", "Services.Common.Test\Services.Common.Test.csproj", "{DDC88975-8E9A-4C20-8D5D-79C0B765CE46}"
EndProject
Project("{FAE04EC0-301F-11D3-BF4B-00C04F79EFBC}") = "Services.Common", "Services.Common\Services.Common.csproj", "{C97F966F-FA81-41D8-82C8-E7ACE2A386C4}"
EndProject
Project("{FAE04EC0-301F-11D3-BF4B-00C04F79EFBC}") = "Services.Main", "Services.Main\Services.Main.csproj", "{3322C8BF-90D1-478F-9A00-DF07116A8D60}"
EndProject
Global
	GlobalSection(SolutionConfigurationPlatforms) = preSolution
		Debug|Any CPU = Debug|Any CPU
		Release|Any CPU = Release|Any CPU
	EndGlobalSection
	GlobalSection(ProjectConfigurationPlatforms) = postSolution
		{C588C044-2896-42A9-B90B-B9340A742165}.Debug|Any CPU.ActiveCfg = Debug|Any CPU
		{C588C044-2896-42A9-B90B-B9340A742165}.Debug|Any CPU.Build.0 = Debug|Any CPU
		{C588C044-2896-42A9-B90B-B9340A742165}.Release|Any CPU.ActiveCfg = Release|Any CPU
		{C588C044-2896-42A9-B90B-B9340A742165}.Release|Any CPU.Build.0 = Release|Any CPU
		{2426A424-0424-4DA4-9B8C-DE742369E543}.Debug|Any CPU.ActiveCfg = Debug|Any CPU
		{2426A424-0424-4DA4-9B8C-DE742369E543}.Debug|Any CPU.Build.0 = Debug|Any CPU
		{2426A424-0424-4DA4-9B8C-DE742369E543}.Release|Any CPU.ActiveCfg = Release|Any CPU
		{2426A424-0424-4DA4-9B8C-DE742369E543}.Release|Any CPU.Build.0 = Release|Any CPU
		{87375262-1BCC-4CC5-AD40-FD81579EB76F}.Debug|Any CPU.ActiveCfg = Debug|Any CPU
		{87375262-1BCC-4CC5-AD40-FD81579EB76F}.Debug|Any CPU.Build.0 = Debug|Any CPU
		{87375262-1BCC-4CC5-AD40-FD81579EB76F}.Release|Any CPU.ActiveCfg = Release|Any CPU
		{87375262-1BCC-4CC5-AD40-FD81579EB76F}.Release|Any CPU.Build.0 = Release|Any CPU
		{9026E442-D9A9-4B76-B7D6-69D8FD59FD9C}.Debug|Any CPU.ActiveCfg = Debug|Any CPU
		{9026E442-D9A9-4B76-B7D6-69D8FD59FD9C}.Debug|Any CPU.Build.0 = Debug|Any CPU
		{9026E442-D9A9-4B76-B7D6-69D8FD59FD9C}.Release|Any CPU.ActiveCfg = Release|Any CPU
		{9026E442-D9A9-4B76-B7D6-69D8FD59FD9C}.Release|Any CPU.Build.0 = Release|Any CPU
		{E7A6BCD7-BE7F-406F-81FB-2A354F4E6E62}.Debug|Any CPU.ActiveCfg = Debug|Any CPU
		{E7A6BCD7-BE7F-406F-81FB-2A354F4E6E62}.Debug|Any CPU.Build.0 = Debug|Any CPU
		{E7A6BCD7-BE7F-406F-81FB-2A354F4E6E62}.Release|Any CPU.ActiveCfg = Release|Any CPU
		{E7A6BCD7-BE7F-406F-81FB-2A354F4E6E62}.Release|Any CPU.Build.0 = Release|Any CPU
		{A7B1ECE5-5C5A-4ADE-BC5C-73CCC4F741FA}.Debug|Any CPU.ActiveCfg = Debug|Any CPU
		{A7B1ECE5-5C5A-4ADE-BC5C-73CCC4F741FA}.Debug|Any CPU.Build.0 = Debug|Any CPU
		{A7B1ECE5-5C5A-4ADE-BC5C-73CCC4F741FA}.Release|Any CPU.ActiveCfg = Release|Any CPU
		{A7B1ECE5-5C5A-4ADE-BC5C-73CCC4F741FA}.Release|Any CPU.Build.0 = Release|Any CPU
		{DDC88975-8E9A-4C20-8D5D-79C0B765CE46}.Debug|Any CPU.ActiveCfg = Debug|Any CPU
		{DDC88975-8E9A-4C20-8D5D-79C0B765CE46}.Debug|Any CPU.Build.0 = Debug|Any CPU
		{DDC88975-8E9A-4C20-8D5D-79C0B765CE46}.Release|Any CPU.ActiveCfg = Release|Any CPU
		{DDC88975-8E9A-4C20-8D5D-79C0B765CE46}.Release|Any CPU.Build.0 = Release|Any CPU
		{C97F966F-FA81-41D8-82C8-E7ACE2A386C4}.Debug|Any CPU.ActiveCfg = Debug|Any CPU
		{C97F966F-FA81-41D8-82C8-E7ACE2A386C4}.Debug|Any CPU.Build.0 = Debug|Any CPU
		{C97F966F-FA81-41D8-82C8-E7ACE2A386C4}.Release|Any CPU.ActiveCfg = Release|Any CPU
		{C97F966F-FA81-41D8-82C8-E7ACE2A386C4}.Release|Any CPU.Build.0 = Release|Any CPU
		{3322C8BF-90D1-478F-9A00-DF07116A8D60}.Debug|Any CPU.ActiveCfg = Debug|Any CPU
		{3322C8BF-90D1-478F-9A00-DF07116A8D60}.Debug|Any CPU.Build.0 = Debug|Any CPU
		{3322C8BF-90D1-478F-9A00-DF07116A8D60}.Release|Any CPU.ActiveCfg = Release|Any CPU
		{3322C8BF-90D1-478F-9A00-DF07116A8D60}.Release|Any CPU.Build.0 = Release|Any CPU
	EndGlobalSection
	GlobalSection(SolutionProperties) = preSolution
		HideSolutionNode = FALSE
	EndGlobalSection
	GlobalSection(NestedProjects) = preSolution
		{C588C044-2896-42A9-B90B-B9340A742165} = {5323277F-009F-48BB-AE23-4013FA66DA28}
		{F7E7B8FA-0B9F-4EC0-9C78-27A34193679C} = {5323277F-009F-48BB-AE23-4013FA66DA28}
		{D0B7B882-9257-41DC-8A9A-86CF0E338734} = {ADC36788-31C8-410B-95FD-76229DFE7026}
		{846A2C1D-FF39-44A4-B2ED-9BA90C4D2A28} = {B24C786E-CDB6-4C74-9041-2025316B47FF}
		{2426A424-0424-4DA4-9B8C-DE742369E543} = {ADC36788-31C8-410B-95FD-76229DFE7026}
		{87375262-1BCC-4CC5-AD40-FD81579EB76F} = {ADC36788-31C8-410B-95FD-76229DFE7026}
		{9026E442-D9A9-4B76-B7D6-69D8FD59FD9C} = {D0B7B882-9257-41DC-8A9A-86CF0E338734}
		{E7A6BCD7-BE7F-406F-81FB-2A354F4E6E62} = {B24C786E-CDB6-4C74-9041-2025316B47FF}
		{A7B1ECE5-5C5A-4ADE-BC5C-73CCC4F741FA} = {846A2C1D-FF39-44A4-B2ED-9BA90C4D2A28}
		{DDC88975-8E9A-4C20-8D5D-79C0B765CE46} = {D0B7B882-9257-41DC-8A9A-86CF0E338734}
		{C97F966F-FA81-41D8-82C8-E7ACE2A386C4} = {ADC36788-31C8-410B-95FD-76229DFE7026}
		{3322C8BF-90D1-478F-9A00-DF07116A8D60} = {ADC36788-31C8-410B-95FD-76229DFE7026}
	EndGlobalSection
EndGlobal
